namespace TheRandomNumber
{
    internal class Program
    {
        static void Main(string[] args)
        {
            Random random = new Random();

            int num = random.Next(1000, 9999);

            Console.WriteLine("the random number is : " + num);

            Console.ReadKey();
        }
    }
}
